<?xml version="1.0" encoding="utf-8"?>
<Project xmlns="http://schemas.microsoft.com/developer/msbuild/2003">
  <ItemGroup>
    <Filter Include="Generated Files">
      <UniqueIdentifier>{71ED8ED8-ACB9-4CE9-BBE1-E00B30144E11}</UniqueIdentifier>
      <Extensions>cpp;c;cxx;moc;h;def;odl;idl;res;</Extensions>
    </Filter>
    <Filter Include="Generated Files">
      <UniqueIdentifier>{71ED8ED8-ACB9-4CE9-BBE1-E00B30144E11}</UniqueIdentifier>
      <Extensions>cpp;c;cxx;moc;h;def;odl;idl;res;</Extensions>
    </Filter>
    <Filter Include="Header Files">
      <UniqueIdentifier>{93995380-89BD-4b04-88EB-625FBE52EBFB}</UniqueIdentifier>
      <Extensions>h;hpp;hxx;hm;inl;inc;xsd</Extensions>
    </Filter>
    <Filter Include="Header Files">
      <UniqueIdentifier>{93995380-89BD-4b04-88EB-625FBE52EBFB}</UniqueIdentifier>
      <Extensions>h;hpp;hxx;hm;inl;inc;xsd</Extensions>
    </Filter>
    <Filter Include="Resource Files">
      <UniqueIdentifier>{D9D6E242-F8AF-46E4-B9FD-80ECBC20BA3E}</UniqueIdentifier>
      <Extensions>qrc;*</Extensions>
      <ParseFiles>false</ParseFiles>
    </Filter>
    <Filter Include="Resource Files">
      <UniqueIdentifier>{D9D6E242-F8AF-46E4-B9FD-80ECBC20BA3E}</UniqueIdentifier>
      <Extensions>qrc;*</Extensions>
      <ParseFiles>false</ParseFiles>
    </Filter>
    <Filter Include="Source Files">
      <UniqueIdentifier>{4FC737F1-C7A5-4376-A066-2A32D752A2FF}</UniqueIdentifier>
      <Extensions>cpp;c;cxx;def;odl;idl;hpj;bat;asm;asmx</Extensions>
    </Filter>
    <Filter Include="Source Files">
      <UniqueIdentifier>{4FC737F1-C7A5-4376-A066-2A32D752A2FF}</UniqueIdentifier>
      <Extensions>cpp;c;cxx;def;odl;idl;hpj;bat;asm;asmx</Extensions>
    </Filter>
    <Filter Include="Distribution Files">
      <UniqueIdentifier>{B83CAF91-C7BF-462F-B76C-EA11631F866C}</UniqueIdentifier>
      <Extensions>*</Extensions>
      <ParseFiles>false</ParseFiles>
    </Filter>
    <Filter Include="Distribution Files">
      <UniqueIdentifier>{B83CAF91-C7BF-462F-B76C-EA11631F866C}</UniqueIdentifier>
      <Extensions>*</Extensions>
      <ParseFiles>false</ParseFiles>
    </Filter>
  </ItemGroup>
  <ItemGroup>
    <ClCompile Include="Chem_RecogEngine.cpp">
      <Filter>Source Files</Filter>
    </ClCompile>
    <ClCompile Include="MSRecogEngine.cpp">
      <Filter>Source Files</Filter>
    </ClCompile>
    <ClCompile Include="Math_RecogEngine.cpp">
      <Filter>Source Files</Filter>
    </ClCompile>
    <ClCompile Include="VO\certificates\MyCertificate.c.c">
      <Filter>Source Files</Filter>
    </ClCompile>
    <ClCompile Include="VO\edk\C\src\MyScriptEngine-strerror.c">
      <Filter>Source Files</Filter>
    </ClCompile>
    <ClCompile Include="VO\edk\C\src\MyScriptEngine-strtype.c">
      <Filter>Source Files</Filter>
    </ClCompile>
    <ClCompile Include="VO\edk\C\src\MyScriptHWR-strCandidateFlag.c">
      <Filter>Source Files</Filter>
    </ClCompile>
    <ClCompile Include="VO\edk\C\src\MyScriptHWR-strTagType.c">
      <Filter>Source Files</Filter>
    </ClCompile>
    <ClCompile Include="RecogEngine.cpp">
      <Filter>Source Files</Filter>
    </ClCompile>
    <ClCompile Include="RecognitionResults.cpp">
      <Filter>Source Files</Filter>
    </ClCompile>
    <ClCompile Include="VORecogEngine.cpp">
      <Filter>Source Files</Filter>
    </ClCompile>
    <ClCompile Include="ImportFile\except.cpp">
      <Filter>Source Files</Filter>
    </ClCompile>
    <ClCompile Include="hotkey\hhbutton.cpp">
      <Filter>Source Files</Filter>
    </ClCompile>
    <ClCompile Include="hhclockticket.cpp">
      <Filter>Source Files</Filter>
    </ClCompile>
    <ClCompile Include="hhfileconvert.cpp">
      <Filter>Source Files</Filter>
    </ClCompile>
    <ClCompile Include="hotkey\hhhotkeyinfo.cpp">
      <Filter>Source Files</Filter>
    </ClCompile>
    <ClCompile Include="hotkey\hhmodeinfodata.cpp">
      <Filter>Source Files</Filter>
    </ClCompile>
    <ClCompile Include="hhofficedoc.cpp">
      <Filter>Source Files</Filter>
    </ClCompile>
    <ClCompile Include="hhofficeoperator.cpp">
      <Filter>Source Files</Filter>
    </ClCompile>
    <ClCompile Include="hotkey\hhsolution.cpp">
      <Filter>Source Files</Filter>
    </ClCompile>
    <ClCompile Include="hhsystemtool.cpp">
      <Filter>Source Files</Filter>
    </ClCompile>
    <ClCompile Include="hhsysunit.cpp">
      <Filter>Source Files</Filter>
    </ClCompile>
    <ClCompile Include="hhtextrecognizer.cpp">
      <Filter>Source Files</Filter>
    </ClCompile>
    <ClCompile Include="hhusbdog.cpp">
      <Filter>Source Files</Filter>
    </ClCompile>
    <ClCompile Include="hhutilityfunctions.cpp">
      <Filter>Source Files</Filter>
    </ClCompile>
    <ClCompile Include="lib_dpi_sacle.cpp">
      <Filter>Source Files</Filter>
    </ClCompile>
    <ClCompile Include="ImportFile\pdflib.cpp">
      <Filter>Source Files</Filter>
    </ClCompile>
  </ItemGroup>
  <ItemGroup>
    <ClInclude Include="HZRecog.h">
      <Filter>Header Files</Filter>
    </ClInclude>
    <ClInclude Include="MSRecogEngine.h">
      <Filter>Header Files</Filter>
    </ClInclude>
    <ClInclude Include="..\Common\Math_RecogEngine.h">
      <Filter>Header Files</Filter>
    </ClInclude>
    <ClInclude Include="VO\certificates\MyCertificate.h">
      <Filter>Header Files</Filter>
    </ClInclude>
    <ClInclude Include="VO\edk\C\src\MyScriptEngine-strerror.h">
      <Filter>Header Files</Filter>
    </ClInclude>
    <ClInclude Include="VO\edk\C\src\MyScriptEngine-strtype.h">
      <Filter>Header Files</Filter>
    </ClInclude>
    <ClInclude Include="VO\edk\C\include\c\MyScriptEngine.h">
      <Filter>Header Files</Filter>
    </ClInclude>
    <ClInclude Include="VO\edk\C\include\c\MyScriptEngineOptions.h">
      <Filter>Header Files</Filter>
    </ClInclude>
    <ClInclude Include="VO\edk\C\src\MyScriptHWR-strCandidateFlag.h">
      <Filter>Header Files</Filter>
    </ClInclude>
    <ClInclude Include="VO\edk\C\src\MyScriptHWR-strTagType.h">
      <Filter>Header Files</Filter>
    </ClInclude>
    <ClInclude Include="VO\edk\C\include\c\MyScriptHWR.h">
      <Filter>Header Files</Filter>
    </ClInclude>
    <ClInclude Include="VO\edk\C\include\c\MyScriptInkSearch.h">
      <Filter>Header Files</Filter>
    </ClInclude>
    <ClInclude Include="VO\edk\C\include\c\MyScriptTrainer.h">
      <Filter>Header Files</Filter>
    </ClInclude>
    <ClInclude Include="RecogEngine.h">
      <Filter>Header Files</Filter>
    </ClInclude>
    <ClInclude Include="RecognitionResults.h">
      <Filter>Header Files</Filter>
    </ClInclude>
    <ClInclude Include="VORecogEngine.h">
      <Filter>Header Files</Filter>
    </ClInclude>
    <ClInclude Include="ImportFile\except.h">
      <Filter>Header Files</Filter>
    </ClInclude>
    <ClInclude Include="hotkey\hhbutton.h">
      <Filter>Header Files</Filter>
    </ClInclude>
    <QtMoc Include="hhclockticket.h">
      <Filter>Header Files</Filter>
    </QtMoc>
    <QtMoc Include="..\Common\hhfileconvert.h">
      <Filter>Header Files</Filter>
    </QtMoc>
    <ClInclude Include="hotkey\hhhotkeyinfo.h">
      <Filter>Header Files</Filter>
    </ClInclude>
    <ClInclude Include="hotkey\hhmodeinfodata.h">
      <Filter>Header Files</Filter>
    </ClInclude>
    <ClInclude Include="hhofficedoc.h">
      <Filter>Header Files</Filter>
    </ClInclude>
    <QtMoc Include="..\Common\hhofficeoperator.h">
      <Filter>Header Files</Filter>
    </QtMoc>
    <ClInclude Include="hotkey\hhsolution.h">
      <Filter>Header Files</Filter>
    </ClInclude>
    <ClInclude Include="hhsystemtool.h">
      <Filter>Header Files</Filter>
    </ClInclude>
    <ClInclude Include="..\Common\hhsysunit.h">
      <Filter>Header Files</Filter>
    </ClInclude>
    <QtMoc Include="..\Common\hhtextrecognizer.h">
      <Filter>Header Files</Filter>
    </QtMoc>
    <QtMoc Include="hhusbdog.h">
      <Filter>Header Files</Filter>
    </QtMoc>
    <QtMoc Include="..\Common\hhutilityfunctions.h">
      <Filter>Header Files</Filter>
    </QtMoc>
    <ClInclude Include="..\Common\lib_dpi_sacle.h">
      <Filter>Header Files</Filter>
    </ClInclude>
    <ClInclude Include="VO\edk\C\include\c\std\stdbool.h">
      <Filter>Header Files</Filter>
    </ClInclude>
    <ClInclude Include="VO\edk\C\include\c\std\stddef.h">
      <Filter>Header Files</Filter>
    </ClInclude>
    <ClInclude Include="VO\edk\C\include\c\std\stdint.h">
      <Filter>Header Files</Filter>
    </ClInclude>
  </ItemGroup>
  <ItemGroup>
    
    
    
    
    
    
    
    
    
    
    
    
    <CustomBuild Include="debug\moc_predefs.h.cbt">
      <Filter>Generated Files</Filter>
    </CustomBuild>
    <CustomBuild Include="release\moc_predefs.h.cbt">
      <Filter>Generated Files</Filter>
    </CustomBuild>
    
    
  </ItemGroup>
  <ItemGroup>
    <None Include="hotkey\UnifiedDevice.xml">
      <Filter>Resource Files</Filter>
    </None>
    <QtRcc Include="res.qrc">
      <Filter>Resource Files</Filter>
    </QtRcc>
  </ItemGroup>
  <ItemGroup>
    <None Include="VO\edk\C\lib\MyScriptEngine.def">
      <Filter>Distribution Files</Filter>
    </None>
  </ItemGroup>
</Project>